
Microsoft Visual Studio Solution File, Format Version 12.00
# Visual Studio Version 16
VisualStudioVersion = 16.0.31313.79
MinimumVisualStudioVersion = 10.0.40219.1
Project("{FAE04EC0-301F-11D3-BF4B-00C04F79EFBC}") = "MultiOilCollect", "MultiOilCollect\MultiOilCollect.csproj", "{DE7419B1-3EFC-44A5-B92A-9F784FC14F8A}"
EndProject
Global
	GlobalSection(SolutionConfigurationPlatforms) = preSolution
		Debug|Any CPU = Debug|Any CPU
		Release|Any CPU = Release|Any CPU
	EndGlobalSection
	GlobalSection(ProjectConfigurationPlatforms) = postSolution
		{DE7419B1-3EFC-44A5-B92A-9F784FC14F8A}.Debug|Any CPU.ActiveCfg = Debug|Any CPU
		{DE7419B1-3EFC-44A5-B92A-9F784FC14F8A}.Debug|Any CPU.Build.0 = Debug|Any CPU
		{DE7419B1-3EFC-44A5-B92A-9F784FC14F8A}.Release|Any CPU.ActiveCfg = Release|Any CPU
		{DE7419B1-3EFC-44A5-B92A-9F784FC14F8A}.Release|Any CPU.Build.0 = Release|Any CPU
	EndGlobalSection
	GlobalSection(SolutionProperties) = preSolution
		HideSolutionNode = FALSE
	EndGlobalSection
	GlobalSection(ExtensibilityGlobals) = postSolution
		SolutionGuid = {253C0803-A484-440E-964D-A027D0F0E203}
	EndGlobalSection
EndGlobal
